
Microsoft Visual Studio Solution File, Format Version 12.00
# Visual Studio Version 17
VisualStudioVersion = 17.11.35327.3
MinimumVisualStudioVersion = 10.0.40219.1
Project("{2150E333-8FDC-42A3-9474-1A3956D46DE8}") = "Core", "Core", "{9DE1BC45-3792-47AA-A68C-CA69C149A9BA}"
EndProject
Project("{9A19103F-16F7-4668-BE54-9A1E7A4F7556}") = "EventSphere.Core", "Core\EventSphere.Core\EventSphere.Core.csproj", "{BB96D8D5-B421-40EC-A2CA-DAB34089C638}"
EndProject
Project("{2150E333-8FDC-42A3-9474-1A3956D46DE8}") = "Identity", "Identity", "{BD980CE3-14EF-491E-B128-657D546BB8E7}"
EndProject
Project("{9A19103F-16F7-4668-BE54-9A1E7A4F7556}") = "EventSphere.Identity.Domain", "Identity\EventSphere.Identity.Domain\EventSphere.Identity.Domain.csproj", "{E9558BC4-AFE6-4EB3-9A2F-70D002C42F6F}"
EndProject
Project("{9A19103F-16F7-4668-BE54-9A1E7A4F7556}") = "EventSphere.Identity.Application", "Identity\EventSphere.Identity.Application\EventSphere.Identity.Application.csproj", "{258FCAF2-7483-4C62-81A9-BA677861BF5F}"
EndProject
Project("{FAE04EC0-301F-11D3-BF4B-00C04F79EFBC}") = "EventSphere.Identity.Persistence", "Identity\EventSphere.Identity.Persistence\EventSphere.Identity.Persistence.csproj", "{2C182EE0-07D1-4009-B421-B5230B620747}"
EndProject
Project("{FAE04EC0-301F-11D3-BF4B-00C04F79EFBC}") = "EventSphere.Identity.Infrastructure", "Identity\EventSphere.Identity.Infrastructure\EventSphere.Identity.Infrastructure.csproj", "{0A33C6A6-BD6C-4495-AC5F-624BA554DC12}"
EndProject
Project("{FAE04EC0-301F-11D3-BF4B-00C04F79EFBC}") = "EventSphere.Identity.WebUI", "Identity\EventSphere.Identity.WebUI\EventSphere.Identity.WebUI.csproj", "{057CC6AD-78B5-4BCE-BC98-B671FCA001E5}"
EndProject
Global
	GlobalSection(SolutionConfigurationPlatforms) = preSolution
		Debug|Any CPU = Debug|Any CPU
		Release|Any CPU = Release|Any CPU
	EndGlobalSection
	GlobalSection(ProjectConfigurationPlatforms) = postSolution
		{BB96D8D5-B421-40EC-A2CA-DAB34089C638}.Debug|Any CPU.ActiveCfg = Debug|Any CPU
		{BB96D8D5-B421-40EC-A2CA-DAB34089C638}.Debug|Any CPU.Build.0 = Debug|Any CPU
		{BB96D8D5-B421-40EC-A2CA-DAB34089C638}.Release|Any CPU.ActiveCfg = Release|Any CPU
		{BB96D8D5-B421-40EC-A2CA-DAB34089C638}.Release|Any CPU.Build.0 = Release|Any CPU
		{E9558BC4-AFE6-4EB3-9A2F-70D002C42F6F}.Debug|Any CPU.ActiveCfg = Debug|Any CPU
		{E9558BC4-AFE6-4EB3-9A2F-70D002C42F6F}.Debug|Any CPU.Build.0 = Debug|Any CPU
		{E9558BC4-AFE6-4EB3-9A2F-70D002C42F6F}.Release|Any CPU.ActiveCfg = Release|Any CPU
		{E9558BC4-AFE6-4EB3-9A2F-70D002C42F6F}.Release|Any CPU.Build.0 = Release|Any CPU
		{258FCAF2-7483-4C62-81A9-BA677861BF5F}.Debug|Any CPU.ActiveCfg = Debug|Any CPU
		{258FCAF2-7483-4C62-81A9-BA677861BF5F}.Debug|Any CPU.Build.0 = Debug|Any CPU
		{258FCAF2-7483-4C62-81A9-BA677861BF5F}.Release|Any CPU.ActiveCfg = Release|Any CPU
		{258FCAF2-7483-4C62-81A9-BA677861BF5F}.Release|Any CPU.Build.0 = Release|Any CPU
		{2C182EE0-07D1-4009-B421-B5230B620747}.Debug|Any CPU.ActiveCfg = Debug|Any CPU
		{2C182EE0-07D1-4009-B421-B5230B620747}.Debug|Any CPU.Build.0 = Debug|Any CPU
		{2C182EE0-07D1-4009-B421-B5230B620747}.Release|Any CPU.ActiveCfg = Release|Any CPU
		{2C182EE0-07D1-4009-B421-B5230B620747}.Release|Any CPU.Build.0 = Release|Any CPU
		{0A33C6A6-BD6C-4495-AC5F-624BA554DC12}.Debug|Any CPU.ActiveCfg = Debug|Any CPU
		{0A33C6A6-BD6C-4495-AC5F-624BA554DC12}.Debug|Any CPU.Build.0 = Debug|Any CPU
		{0A33C6A6-BD6C-4495-AC5F-624BA554DC12}.Release|Any CPU.ActiveCfg = Release|Any CPU
		{0A33C6A6-BD6C-4495-AC5F-624BA554DC12}.Release|Any CPU.Build.0 = Release|Any CPU
		{057CC6AD-78B5-4BCE-BC98-B671FCA001E5}.Debug|Any CPU.ActiveCfg = Debug|Any CPU
		{057CC6AD-78B5-4BCE-BC98-B671FCA001E5}.Debug|Any CPU.Build.0 = Debug|Any CPU
		{057CC6AD-78B5-4BCE-BC98-B671FCA001E5}.Release|Any CPU.ActiveCfg = Release|Any CPU
		{057CC6AD-78B5-4BCE-BC98-B671FCA001E5}.Release|Any CPU.Build.0 = Release|Any CPU
	EndGlobalSection
	GlobalSection(SolutionProperties) = preSolution
		HideSolutionNode = FALSE
	EndGlobalSection
	GlobalSection(NestedProjects) = preSolution
		{BB96D8D5-B421-40EC-A2CA-DAB34089C638} = {9DE1BC45-3792-47AA-A68C-CA69C149A9BA}
		{E9558BC4-AFE6-4EB3-9A2F-70D002C42F6F} = {BD980CE3-14EF-491E-B128-657D546BB8E7}
		{258FCAF2-7483-4C62-81A9-BA677861BF5F} = {BD980CE3-14EF-491E-B128-657D546BB8E7}
		{2C182EE0-07D1-4009-B421-B5230B620747} = {BD980CE3-14EF-491E-B128-657D546BB8E7}
		{0A33C6A6-BD6C-4495-AC5F-624BA554DC12} = {BD980CE3-14EF-491E-B128-657D546BB8E7}
		{057CC6AD-78B5-4BCE-BC98-B671FCA001E5} = {BD980CE3-14EF-491E-B128-657D546BB8E7}
	EndGlobalSection
	GlobalSection(ExtensibilityGlobals) = postSolution
		SolutionGuid = {5D780CA7-207C-472E-BAB0-CA7D6116899F}
	EndGlobalSection
EndGlobal
